SITE
  remote: http://community.opscode.com/api/v1
  specs:
    dmg (2.0.8)

GIT
  remote: https://github.com/amaltson/dotfiles
  ref: master
  sha: 4ccd6721269168ab884f461bf2c470a40564f61b
  specs:
    dotfiles (0.0.1)

GIT
  remote: https://github.com/amaltson/sprout
  path: osx
  ref: master
  sha: a0dd612b9264bfc7b8635a9a368281fef71107e5
  specs:
    osx (0.1.0)

GIT
  remote: https://github.com/amaltson/sprout
  path: pivotal_workstation
  ref: master
  sha: a0dd612b9264bfc7b8635a9a368281fef71107e5
  specs:
    pivotal_workstation (1.0.0)
      dmg (>= 0.0.0)
      osx (>= 0.0.0)
      sprout-osx-apps (>= 0.0.0)
      sprout-osx-base (>= 0.0.0)
      sprout-osx-settings (>= 0.0.0)
      sprout-pivotal (>= 0.0.0)

GIT
  remote: https://github.com/amaltson/sprout
  path: sprout-osx-apps
  ref: master
  sha: a0dd612b9264bfc7b8635a9a368281fef71107e5
  specs:
    sprout-osx-apps (0.1.0)
      dmg (>= 0.0.0)
      sprout-osx-base (>= 0.0.0)
      sprout-osx-settings (>= 0.0.0)

GIT
  remote: https://github.com/amaltson/sprout
  path: sprout-osx-base
  ref: master
  sha: a0dd612b9264bfc7b8635a9a368281fef71107e5
  specs:
    sprout-osx-base (0.1.0)

GIT
  remote: https://github.com/amaltson/sprout
  path: sprout-osx-rbenv
  ref: master
  sha: a0dd612b9264bfc7b8635a9a368281fef71107e5
  specs:
    sprout-osx-rbenv (0.1.0)
      sprout-osx-base (>= 0.0.0)

GIT
  remote: https://github.com/amaltson/sprout
  path: sprout-osx-settings
  ref: master
  sha: a0dd612b9264bfc7b8635a9a368281fef71107e5
  specs:
    sprout-osx-settings (0.1.0)
      osx (>= 0.0.0)
      sprout-osx-base (>= 0.0.0)

GIT
  remote: https://github.com/amaltson/sprout
  path: sprout-pivotal
  ref: master
  sha: a0dd612b9264bfc7b8635a9a368281fef71107e5
  specs:
    sprout-pivotal (0.1.0)
      dmg (>= 0.0.0)
      sprout-osx-base (>= 0.0.0)

PATH
  remote: site-cookbooks/meta
  specs:
    meta (0.1.0)
      pivotal_workstation (>= 0.0.0)
      sprout-osx-apps (>= 0.0.0)
      sprout-osx-settings (>= 0.0.0)

DEPENDENCIES
  dotfiles (>= 0)
  meta (>= 0)
  osx (>= 0)
  pivotal_workstation (>= 0)
  sprout-osx-apps (>= 0)
  sprout-osx-base (>= 0)
  sprout-osx-rbenv (>= 0)
  sprout-osx-settings (>= 0)
  sprout-pivotal (>= 0)

